
Microsoft Visual Studio Solution File, Format Version 12.00
# Visual Studio Version 16
VisualStudioVersion = 16.0.33027.164
MinimumVisualStudioVersion = 10.0.40219.1
Project("{FAE04EC0-301F-11D3-BF4B-00C04F79EFBC}") = "MahtabSweets.Web", "MahtabSweets.Web\MahtabSweets.Web.csproj", "{6F6B583A-400F-4320-9D97-F4F4BC599E7A}"
EndProject
Global
	GlobalSection(SolutionConfigurationPlatforms) = preSolution
		Debug|Any CPU = Debug|Any CPU
		Release|Any CPU = Release|Any CPU
	EndGlobalSection
	GlobalSection(ProjectConfigurationPlatforms) = postSolution
		{6F6B583A-400F-4320-9D97-F4F4BC599E7A}.Debug|Any CPU.ActiveCfg = Debug|Any CPU
		{6F6B583A-400F-4320-9D97-F4F4BC599E7A}.Debug|Any CPU.Build.0 = Debug|Any CPU
		{6F6B583A-400F-4320-9D97-F4F4BC599E7A}.Release|Any CPU.ActiveCfg = Release|Any CPU
		{6F6B583A-400F-4320-9D97-F4F4BC599E7A}.Release|Any CPU.Build.0 = Release|Any CPU
	EndGlobalSection
	GlobalSection(SolutionProperties) = preSolution
		HideSolutionNode = FALSE
	EndGlobalSection
	GlobalSection(ExtensibilityGlobals) = postSolution
		SolutionGuid = {5EC21171-8D1D-49CE-8C28-A80EEBC8454D}
	EndGlobalSection
EndGlobal
